
Microsoft Visual Studio Solution File, Format Version 12.00
# Visual Studio Version 17
VisualStudioVersion = 17.12.35527.113
MinimumVisualStudioVersion = 10.0.40219.1
Project("{FAE04EC0-301F-11D3-BF4B-00C04F79EFBC}") = "ConsoleApp5", "ConsoleApp5\ConsoleApp5.csproj", "{DD52410B-5C2D-4B1C-AF0B-9DC7E40DB566}"
EndProject
Project("{FAE04EC0-301F-11D3-BF4B-00C04F79EFBC}") = "ProgramTest", "ProgramTest\ProgramTest.csproj", "{DF1F07E5-BFBB-4EDE-B4EB-2CF5E1942AE5}"
EndProject
Global
	GlobalSection(SolutionConfigurationPlatforms) = preSolution
		Debug|Any CPU = Debug|Any CPU
		Release|Any CPU = Release|Any CPU
	EndGlobalSection
	GlobalSection(ProjectConfigurationPlatforms) = postSolution
		{DD52410B-5C2D-4B1C-AF0B-9DC7E40DB566}.Debug|Any CPU.ActiveCfg = Debug|Any CPU
		{DD52410B-5C2D-4B1C-AF0B-9DC7E40DB566}.Debug|Any CPU.Build.0 = Debug|Any CPU
		{DD52410B-5C2D-4B1C-AF0B-9DC7E40DB566}.Release|Any CPU.ActiveCfg = Release|Any CPU
		{DD52410B-5C2D-4B1C-AF0B-9DC7E40DB566}.Release|Any CPU.Build.0 = Release|Any CPU
		{DF1F07E5-BFBB-4EDE-B4EB-2CF5E1942AE5}.Debug|Any CPU.ActiveCfg = Debug|Any CPU
		{DF1F07E5-BFBB-4EDE-B4EB-2CF5E1942AE5}.Debug|Any CPU.Build.0 = Debug|Any CPU
		{DF1F07E5-BFBB-4EDE-B4EB-2CF5E1942AE5}.Release|Any CPU.ActiveCfg = Release|Any CPU
		{DF1F07E5-BFBB-4EDE-B4EB-2CF5E1942AE5}.Release|Any CPU.Build.0 = Release|Any CPU
	EndGlobalSection
	GlobalSection(SolutionProperties) = preSolution
		HideSolutionNode = FALSE
	EndGlobalSection
EndGlobal
